<?xml version="1.0" encoding="utf-8"?>
<Project ToolsVersion="4.0" xmlns="http://schemas.microsoft.com/developer/msbuild/2003">
  <ItemGroup>
    <ClCompile Include="camera.cpp">
      <Filter>source_files</Filter>
    </ClCompile>
    <ClCompile Include="gameObject.cpp">
      <Filter>source_files</Filter>
    </ClCompile>
    <ClCompile Include="meshSurface.cpp">
      <Filter>source_files</Filter>
    </ClCompile>
    <ClCompile Include="Shader.cpp">
      <Filter>source_files</Filter>
    </ClCompile>
    <ClCompile Include="SkyBox.cpp">
      <Filter>source_files</Filter>
    </ClCompile>
    <ClCompile Include="gameApp.cpp">
      <Filter>source_files</Filter>
    </ClCompile>
    <ClCompile Include="main.cpp">
      <Filter>source_files</Filter>
    </ClCompile>
    <ClCompile Include="chaser.cpp">
      <Filter>source_files</Filter>
    </ClCompile>
    <ClCompile Include="car.cpp">
      <Filter>source_files</Filter>
    </ClCompile>
    <ClCompile Include="Prey.cpp">
      <Filter>source_files</Filter>
    </ClCompile>
    <ClCompile Include="House.cpp">
      <Filter>source_files</Filter>
    </ClCompile>
    <ClCompile Include="TargetHouse.cpp">
      <Filter>source_files</Filter>
    </ClCompile>
    <ClCompile Include="Truck.cpp">
      <Filter>source_files</Filter>
    </ClCompile>
    <ClCompile Include="readFromTxt.cpp">
      <Filter>source_files</Filter>
    </ClCompile>
  </ItemGroup>
  <ItemGroup>
    <ClInclude Include="SOIL.h">
      <Filter>header_files</Filter>
    </ClInclude>
    <ClInclude Include="SkyBox.h">
      <Filter>header_files</Filter>
    </ClInclude>
    <ClInclude Include="Shader.h">
      <Filter>header_files</Filter>
    </ClInclude>
    <ClInclude Include="meshSurface.h">
      <Filter>header_files</Filter>
    </ClInclude>
    <ClInclude Include="gameObject.h">
      <Filter>header_files</Filter>
    </ClInclude>
    <ClInclude Include="camera.h">
      <Filter>header_files</Filter>
    </ClInclude>
    <ClInclude Include="gameApp.h">
      <Filter>header_files</Filter>
    </ClInclude>
    <ClInclude Include="chaser.h">
      <Filter>header_files</Filter>
    </ClInclude>
    <ClInclude Include="car.h">
      <Filter>header_files</Filter>
    </ClInclude>
    <ClInclude Include="Prey.h">
      <Filter>header_files</Filter>
    </ClInclude>
    <ClInclude Include="House.h">
      <Filter>header_files</Filter>
    </ClInclude>
    <ClInclude Include="TargetHouse.h">
      <Filter>header_files</Filter>
    </ClInclude>
    <ClInclude Include="Truck.h">
      <Filter>header_files</Filter>
    </ClInclude>
    <ClInclude Include="readFromTxt.h">
      <Filter>header_files</Filter>
    </ClInclude>
  </ItemGroup>
  <ItemGroup>
    <Filter Include="source_files">
      <UniqueIdentifier>{44434497-72bb-42b9-9cd7-f1ad04ed0d35}</UniqueIdentifier>
    </Filter>
    <Filter Include="header_files">
      <UniqueIdentifier>{13ffb498-0f13-49bc-b89c-6ffbe63030f5}</UniqueIdentifier>
    </Filter>
    <Filter Include="res">
      <UniqueIdentifier>{e33a8b6d-0413-4a13-a41f-a5af7eddd8ea}</UniqueIdentifier>
    </Filter>
  </ItemGroup>
  <ItemGroup>
    <Text Include="Text.txt" />
  </ItemGroup>
</Project>